
Microsoft Visual Studio Solution File, Format Version 12.00
# Visual Studio Version 16
VisualStudioVersion = 16.0.29326.143
MinimumVisualStudioVersion = 10.0.40219.1
Project("{FAE04EC0-301F-11D3-BF4B-00C04F79EFBC}") = "JouhouVPNTool", "JouhouVPNTool\JouhouVPNTool.csproj", "{048B9AD1-49BD-42B5-8DF4-4F1B8E7A584E}"
EndProject
Global
	GlobalSection(SolutionConfigurationPlatforms) = preSolution
		Debug|Any CPU = Debug|Any CPU
		Release|Any CPU = Release|Any CPU
	EndGlobalSection
	GlobalSection(ProjectConfigurationPlatforms) = postSolution
		{048B9AD1-49BD-42B5-8DF4-4F1B8E7A584E}.Debug|Any CPU.ActiveCfg = Debug|Any CPU
		{048B9AD1-49BD-42B5-8DF4-4F1B8E7A584E}.Debug|Any CPU.Build.0 = Debug|Any CPU
		{048B9AD1-49BD-42B5-8DF4-4F1B8E7A584E}.Release|Any CPU.ActiveCfg = Release|Any CPU
		{048B9AD1-49BD-42B5-8DF4-4F1B8E7A584E}.Release|Any CPU.Build.0 = Release|Any CPU
	EndGlobalSection
	GlobalSection(SolutionProperties) = preSolution
		HideSolutionNode = FALSE
	EndGlobalSection
	GlobalSection(ExtensibilityGlobals) = postSolution
		SolutionGuid = {CC627B3D-E0CE-44D2-A260-ECA1B3A20346}
	EndGlobalSection
EndGlobal
